<Solution>
  <Folder Name="/Solution Items/">
    <File Path=".gitignore" />
    <File Path="docker-compose.yaml" />
  </Folder>
  <Folder Name="/src/">
    <Project Path="src/SharedKernel/SharedKernel.csproj" />
  </Folder>
  <Folder Name="/src/Ordering/">
    <Project Path="src/Ordering/Ordering.Api/Ordering.Api.csproj" />
    <Project Path="src/Ordering/Ordering.Application/Ordering.Application.csproj" />
    <Project Path="src/Ordering/Ordering.Domain/Ordering.Domain.csproj" />
    <Project Path="src/Ordering/Ordering.Infrastructure/Ordering.Infrastructure.csproj" />
  </Folder>
  <Folder Name="/src/Payments/">
    <Project Path="src/Payments/Payments.Api/Payments.Api.csproj" />
    <Project Path="src/Payments/Payments.Application/Payments.Application.csproj" />
    <Project Path="src/Payments/Payments.Domain/Payments.Domain.csproj" />
  </Folder>
  <Folder Name="/src/Payments/Payments.Infrastructur/">
    <Project Path="src/Payments/Payments.Infrastructur/Payments.Infrastructure.csproj" />
  </Folder>
  <Folder Name="/src/Shipping/">
    <Project Path="src/Shipping/Shipping.Api/Shipping.Api.csproj" />
    <Project Path="src/Shipping/Shipping.Application/Shipping.Application.csproj" />
    <Project Path="src/Shipping/Shipping.Domain/Shipping.Domain.csproj" />
    <Project Path="src/Shipping/Shipping.Infrastructure/Shipping.Infrastructure.csproj" />
  </Folder>
</Solution>
